
Microsoft Visual Studio Solution File, Format Version 12.00
# Visual Studio Version 17
VisualStudioVersion = 17.0.31808.319
MinimumVisualStudioVersion = 10.0.40219.1
Project("{FAE04EC0-301F-11D3-BF4B-00C04F79EFBC}") = "ContosoUniversityModelBinding", "ContosoUniversityModelBinding\ContosoUniversityModelBinding.csproj", "{67D35085-B305-47B1-A1FF-0157B083EE18}"
EndProject
Project("{9A19103F-16F7-4668-BE54-9A1E7A4F7556}") = "MyWebApp", "C:\Users\sayedha\source\repos\MyWebApp\MyWebApp\MyWebApp.csproj", "{275E249A-8421-4E75-9303-907304E5D41C}"
EndProject
Global
	GlobalSection(SolutionConfigurationPlatforms) = preSolution
		Debug|Any CPU = Debug|Any CPU
		Release|Any CPU = Release|Any CPU
	EndGlobalSection
	GlobalSection(ProjectConfigurationPlatforms) = postSolution
		{67D35085-B305-47B1-A1FF-0157B083EE18}.Debug|Any CPU.ActiveCfg = Debug|Any CPU
		{67D35085-B305-47B1-A1FF-0157B083EE18}.Debug|Any CPU.Build.0 = Debug|Any CPU
		{67D35085-B305-47B1-A1FF-0157B083EE18}.Release|Any CPU.ActiveCfg = Release|Any CPU
		{67D35085-B305-47B1-A1FF-0157B083EE18}.Release|Any CPU.Build.0 = Release|Any CPU
		{275E249A-8421-4E75-9303-907304E5D41C}.Debug|Any CPU.ActiveCfg = Debug|Any CPU
		{275E249A-8421-4E75-9303-907304E5D41C}.Debug|Any CPU.Build.0 = Debug|Any CPU
		{275E249A-8421-4E75-9303-907304E5D41C}.Release|Any CPU.ActiveCfg = Release|Any CPU
		{275E249A-8421-4E75-9303-907304E5D41C}.Release|Any CPU.Build.0 = Release|Any CPU
	EndGlobalSection
	GlobalSection(SolutionProperties) = preSolution
		HideSolutionNode = FALSE
	EndGlobalSection
	GlobalSection(ExtensibilityGlobals) = postSolution
		SolutionGuid = {4758F50F-9700-46A8-A56F-D28B3130BEC2}
	EndGlobalSection
EndGlobal
